
Microsoft Visual Studio Solution File, Format Version 12.00
# Visual Studio 15
VisualStudioVersion = 15.0.28307.168
MinimumVisualStudioVersion = 10.0.40219.1
Project("{FAE04EC0-301F-11D3-BF4B-00C04F79EFBC}") = "FarAwayApp.Android", "FarAwayApp\FarAwayApp.Android\FarAwayApp.Android.csproj", "{58C5100A-4F0B-4393-8ACB-4E345A92D3AC}"
EndProject
Project("{FAE04EC0-301F-11D3-BF4B-00C04F79EFBC}") = "FarAwayApp.iOS", "FarAwayApp\FarAwayApp.iOS\FarAwayApp.iOS.csproj", "{2D9B6653-1C58-42C1-87E4-60263F8114E4}"
EndProject
Project("{FAE04EC0-301F-11D3-BF4B-00C04F79EFBC}") = "FarAwayApp", "FarAwayApp\FarAwayApp\FarAwayApp.csproj", "{99154700-7318-4433-A148-11539A730099}"
EndProject
Global
	GlobalSection(SolutionConfigurationPlatforms) = preSolution
		Ad-Hoc|Any CPU = Ad-Hoc|Any CPU
		Ad-Hoc|iPhone = Ad-Hoc|iPhone
		Ad-Hoc|iPhoneSimulator = Ad-Hoc|iPhoneSimulator
		AppStore|Any CPU = AppStore|Any CPU
		AppStore|iPhone = AppStore|iPhone
		AppStore|iPhoneSimulator = AppStore|iPhoneSimulator
		Debug|Any CPU = Debug|Any CPU
		Debug|iPhone = Debug|iPhone
		Debug|iPhoneSimulator = Debug|iPhoneSimulator
		Release|Any CPU = Release|Any CPU
		Release|iPhone = Release|iPhone
		Release|iPhoneSimulator = Release|iPhoneSimulator
	EndGlobalSection
	GlobalSection(ProjectConfigurationPlatforms) = postSolution
		{58C5100A-4F0B-4393-8ACB-4E345A92D3AC}.Ad-Hoc|Any CPU.ActiveCfg = Release|Any CPU
		{58C5100A-4F0B-4393-8ACB-4E345A92D3AC}.Ad-Hoc|Any CPU.Build.0 = Release|Any CPU
		{58C5100A-4F0B-4393-8ACB-4E345A92D3AC}.Ad-Hoc|Any CPU.Deploy.0 = Release|Any CPU
		{58C5100A-4F0B-4393-8ACB-4E345A92D3AC}.Ad-Hoc|iPhone.ActiveCfg = Release|Any CPU
		{58C5100A-4F0B-4393-8ACB-4E345A92D3AC}.Ad-Hoc|iPhone.Build.0 = Release|Any CPU
		{58C5100A-4F0B-4393-8ACB-4E345A92D3AC}.Ad-Hoc|iPhone.Deploy.0 = Release|Any CPU
		{58C5100A-4F0B-4393-8ACB-4E345A92D3AC}.Ad-Hoc|iPhoneSimulator.ActiveCfg = Release|Any CPU
		{58C5100A-4F0B-4393-8ACB-4E345A92D3AC}.Ad-Hoc|iPhoneSimulator.Build.0 = Release|Any CPU
		{58C5100A-4F0B-4393-8ACB-4E345A92D3AC}.Ad-Hoc|iPhoneSimulator.Deploy.0 = Release|Any CPU
		{58C5100A-4F0B-4393-8ACB-4E345A92D3AC}.AppStore|Any CPU.ActiveCfg = Release|Any CPU
		{58C5100A-4F0B-4393-8ACB-4E345A92D3AC}.AppStore|Any CPU.Build.0 = Release|Any CPU
		{58C5100A-4F0B-4393-8ACB-4E345A92D3AC}.AppStore|Any CPU.Deploy.0 = Release|Any CPU
		{58C5100A-4F0B-4393-8ACB-4E345A92D3AC}.AppStore|iPhone.ActiveCfg = Release|Any CPU
		{58C5100A-4F0B-4393-8ACB-4E345A92D3AC}.AppStore|iPhone.Build.0 = Release|Any CPU
		{58C5100A-4F0B-4393-8ACB-4E345A92D3AC}.AppStore|iPhone.Deploy.0 = Release|Any CPU
		{58C5100A-4F0B-4393-8ACB-4E345A92D3AC}.AppStore|iPhoneSimulator.ActiveCfg = Release|Any CPU
		{58C5100A-4F0B-4393-8ACB-4E345A92D3AC}.AppStore|iPhoneSimulator.Build.0 = Release|Any CPU
		{58C5100A-4F0B-4393-8ACB-4E345A92D3AC}.AppStore|iPhoneSimulator.Deploy.0 = Release|Any CPU
		{58C5100A-4F0B-4393-8ACB-4E345A92D3AC}.Debug|Any CPU.ActiveCfg = Debug|Any CPU
		{58C5100A-4F0B-4393-8ACB-4E345A92D3AC}.Debug|Any CPU.Build.0 = Debug|Any CPU
		{58C5100A-4F0B-4393-8ACB-4E345A92D3AC}.Debug|Any CPU.Deploy.0 = Debug|Any CPU
		{58C5100A-4F0B-4393-8ACB-4E345A92D3AC}.Debug|iPhone.ActiveCfg = Debug|Any CPU
		{58C5100A-4F0B-4393-8ACB-4E345A92D3AC}.Debug|iPhone.Build.0 = Debug|Any CPU
		{58C5100A-4F0B-4393-8ACB-4E345A92D3AC}.Debug|iPhone.Deploy.0 = Debug|Any CPU
		{58C5100A-4F0B-4393-8ACB-4E345A92D3AC}.Debug|iPhoneSimulator.ActiveCfg = Debug|Any CPU
		{58C5100A-4F0B-4393-8ACB-4E345A92D3AC}.Debug|iPhoneSimulator.Build.0 = Debug|Any CPU
		{58C5100A-4F0B-4393-8ACB-4E345A92D3AC}.Debug|iPhoneSimulator.Deploy.0 = Debug|Any CPU
		{58C5100A-4F0B-4393-8ACB-4E345A92D3AC}.Release|Any CPU.ActiveCfg = Release|Any CPU
		{58C5100A-4F0B-4393-8ACB-4E345A92D3AC}.Release|Any CPU.Build.0 = Release|Any CPU
		{58C5100A-4F0B-4393-8ACB-4E345A92D3AC}.Release|Any CPU.Deploy.0 = Release|Any CPU
		{58C5100A-4F0B-4393-8ACB-4E345A92D3AC}.Release|iPhone.ActiveCfg = Release|Any CPU
		{58C5100A-4F0B-4393-8ACB-4E345A92D3AC}.Release|iPhone.Build.0 = Release|Any CPU
		{58C5100A-4F0B-4393-8ACB-4E345A92D3AC}.Release|iPhone.Deploy.0 = Release|Any CPU
		{58C5100A-4F0B-4393-8ACB-4E345A92D3AC}.Release|iPhoneSimulator.ActiveCfg = Release|Any CPU
		{58C5100A-4F0B-4393-8ACB-4E345A92D3AC}.Release|iPhoneSimulator.Build.0 = Release|Any CPU
		{58C5100A-4F0B-4393-8ACB-4E345A92D3AC}.Release|iPhoneSimulator.Deploy.0 = Release|Any CPU
		{2D9B6653-1C58-42C1-87E4-60263F8114E4}.Ad-Hoc|Any CPU.ActiveCfg = Ad-Hoc|iPhone
		{2D9B6653-1C58-42C1-87E4-60263F8114E4}.Ad-Hoc|Any CPU.Build.0 = Ad-Hoc|iPhone
		{2D9B6653-1C58-42C1-87E4-60263F8114E4}.Ad-Hoc|Any CPU.Deploy.0 = Ad-Hoc|iPhone
		{2D9B6653-1C58-42C1-87E4-60263F8114E4}.Ad-Hoc|iPhone.ActiveCfg = Ad-Hoc|iPhone
		{2D9B6653-1C58-42C1-87E4-60263F8114E4}.Ad-Hoc|iPhone.Build.0 = Ad-Hoc|iPhone
		{2D9B6653-1C58-42C1-87E4-60263F8114E4}.Ad-Hoc|iPhone.Deploy.0 = Ad-Hoc|iPhone
		{2D9B6653-1C58-42C1-87E4-60263F8114E4}.Ad-Hoc|iPhoneSimulator.ActiveCfg = Ad-Hoc|iPhoneSimulator
		{2D9B6653-1C58-42C1-87E4-60263F8114E4}.Ad-Hoc|iPhoneSimulator.Build.0 = Ad-Hoc|iPhoneSimulator
		{2D9B6653-1C58-42C1-87E4-60263F8114E4}.Ad-Hoc|iPhoneSimulator.Deploy.0 = Ad-Hoc|iPhoneSimulator
		{2D9B6653-1C58-42C1-87E4-60263F8114E4}.AppStore|Any CPU.ActiveCfg = AppStore|iPhone
		{2D9B6653-1C58-42C1-87E4-60263F8114E4}.AppStore|Any CPU.Build.0 = AppStore|iPhone
		{2D9B6653-1C58-42C1-87E4-60263F8114E4}.AppStore|Any CPU.Deploy.0 = AppStore|iPhone
		{2D9B6653-1C58-42C1-87E4-60263F8114E4}.AppStore|iPhone.ActiveCfg = AppStore|iPhone
		{2D9B6653-1C58-42C1-87E4-60263F8114E4}.AppStore|iPhone.Build.0 = AppStore|iPhone
		{2D9B6653-1C58-42C1-87E4-60263F8114E4}.AppStore|iPhone.Deploy.0 = AppStore|iPhone
		{2D9B6653-1C58-42C1-87E4-60263F8114E4}.AppStore|iPhoneSimulator.ActiveCfg = AppStore|iPhoneSimulator
		{2D9B6653-1C58-42C1-87E4-60263F8114E4}.AppStore|iPhoneSimulator.Build.0 = AppStore|iPhoneSimulator
		{2D9B6653-1C58-42C1-87E4-60263F8114E4}.AppStore|iPhoneSimulator.Deploy.0 = AppStore|iPhoneSimulator
		{2D9B6653-1C58-42C1-87E4-60263F8114E4}.Debug|Any CPU.ActiveCfg = Debug|iPhoneSimulator
		{2D9B6653-1C58-42C1-87E4-60263F8114E4}.Debug|Any CPU.Build.0 = Debug|iPhoneSimulator
		{2D9B6653-1C58-42C1-87E4-60263F8114E4}.Debug|Any CPU.Deploy.0 = Debug|iPhoneSimulator
		{2D9B6653-1C58-42C1-87E4-60263F8114E4}.Debug|iPhone.ActiveCfg = Debug|iPhone
		{2D9B6653-1C58-42C1-87E4-60263F8114E4}.Debug|iPhone.Build.0 = Debug|iPhone
		{2D9B6653-1C58-42C1-87E4-60263F8114E4}.Debug|iPhone.Deploy.0 = Debug|iPhone
		{2D9B6653-1C58-42C1-87E4-60263F8114E4}.Debug|iPhoneSimulator.ActiveCfg = Debug|iPhoneSimulator
		{2D9B6653-1C58-42C1-87E4-60263F8114E4}.Debug|iPhoneSimulator.Build.0 = Debug|iPhoneSimulator
		{2D9B6653-1C58-42C1-87E4-60263F8114E4}.Debug|iPhoneSimulator.Deploy.0 = Debug|iPhoneSimulator
		{2D9B6653-1C58-42C1-87E4-60263F8114E4}.Release|Any CPU.ActiveCfg = Release|iPhone
		{2D9B6653-1C58-42C1-87E4-60263F8114E4}.Release|Any CPU.Build.0 = Release|iPhone
		{2D9B6653-1C58-42C1-87E4-60263F8114E4}.Release|Any CPU.Deploy.0 = Release|iPhone
		{2D9B6653-1C58-42C1-87E4-60263F8114E4}.Release|iPhone.ActiveCfg = Release|iPhone
		{2D9B6653-1C58-42C1-87E4-60263F8114E4}.Release|iPhone.Build.0 = Release|iPhone
		{2D9B6653-1C58-42C1-87E4-60263F8114E4}.Release|iPhone.Deploy.0 = Release|iPhone
		{2D9B6653-1C58-42C1-87E4-60263F8114E4}.Release|iPhoneSimulator.ActiveCfg = Release|iPhoneSimulator
		{2D9B6653-1C58-42C1-87E4-60263F8114E4}.Release|iPhoneSimulator.Build.0 = Release|iPhoneSimulator
		{2D9B6653-1C58-42C1-87E4-60263F8114E4}.Release|iPhoneSimulator.Deploy.0 = Release|iPhoneSimulator
		{99154700-7318-4433-A148-11539A730099}.Ad-Hoc|Any CPU.ActiveCfg = Debug|Any CPU
		{99154700-7318-4433-A148-11539A730099}.Ad-Hoc|Any CPU.Build.0 = Debug|Any CPU
		{99154700-7318-4433-A148-11539A730099}.Ad-Hoc|Any CPU.Deploy.0 = Debug|Any CPU
		{99154700-7318-4433-A148-11539A730099}.Ad-Hoc|iPhone.ActiveCfg = Debug|Any CPU
		{99154700-7318-4433-A148-11539A730099}.Ad-Hoc|iPhone.Build.0 = Debug|Any CPU
		{99154700-7318-4433-A148-11539A730099}.Ad-Hoc|iPhone.Deploy.0 = Debug|Any CPU
		{99154700-7318-4433-A148-11539A730099}.Ad-Hoc|iPhoneSimulator.ActiveCfg = Debug|Any CPU
		{99154700-7318-4433-A148-11539A730099}.Ad-Hoc|iPhoneSimulator.Build.0 = Debug|Any CPU
		{99154700-7318-4433-A148-11539A730099}.Ad-Hoc|iPhoneSimulator.Deploy.0 = Debug|Any CPU
		{99154700-7318-4433-A148-11539A730099}.AppStore|Any CPU.ActiveCfg = Debug|Any CPU
		{99154700-7318-4433-A148-11539A730099}.AppStore|Any CPU.Build.0 = Debug|Any CPU
		{99154700-7318-4433-A148-11539A730099}.AppStore|Any CPU.Deploy.0 = Debug|Any CPU
		{99154700-7318-4433-A148-11539A730099}.AppStore|iPhone.ActiveCfg = Debug|Any CPU
		{99154700-7318-4433-A148-11539A730099}.AppStore|iPhone.Build.0 = Debug|Any CPU
		{99154700-7318-4433-A148-11539A730099}.AppStore|iPhone.Deploy.0 = Debug|Any CPU
		{99154700-7318-4433-A148-11539A730099}.AppStore|iPhoneSimulator.ActiveCfg = Debug|Any CPU
		{99154700-7318-4433-A148-11539A730099}.AppStore|iPhoneSimulator.Build.0 = Debug|Any CPU
		{99154700-7318-4433-A148-11539A730099}.AppStore|iPhoneSimulator.Deploy.0 = Debug|Any CPU
		{99154700-7318-4433-A148-11539A730099}.Debug|Any CPU.ActiveCfg = Debug|Any CPU
		{99154700-7318-4433-A148-11539A730099}.Debug|Any CPU.Build.0 = Debug|Any CPU
		{99154700-7318-4433-A148-11539A730099}.Debug|Any CPU.Deploy.0 = Debug|Any CPU
		{99154700-7318-4433-A148-11539A730099}.Debug|iPhone.ActiveCfg = Debug|Any CPU
		{99154700-7318-4433-A148-11539A730099}.Debug|iPhone.Build.0 = Debug|Any CPU
		{99154700-7318-4433-A148-11539A730099}.Debug|iPhone.Deploy.0 = Debug|Any CPU
		{99154700-7318-4433-A148-11539A730099}.Debug|iPhoneSimulator.ActiveCfg = Debug|Any CPU
		{99154700-7318-4433-A148-11539A730099}.Debug|iPhoneSimulator.Build.0 = Debug|Any CPU
		{99154700-7318-4433-A148-11539A730099}.Debug|iPhoneSimulator.Deploy.0 = Debug|Any CPU
		{99154700-7318-4433-A148-11539A730099}.Release|Any CPU.ActiveCfg = Release|Any CPU
		{99154700-7318-4433-A148-11539A730099}.Release|Any CPU.Build.0 = Release|Any CPU
		{99154700-7318-4433-A148-11539A730099}.Release|Any CPU.Deploy.0 = Release|Any CPU
		{99154700-7318-4433-A148-11539A730099}.Release|iPhone.ActiveCfg = Release|Any CPU
		{99154700-7318-4433-A148-11539A730099}.Release|iPhone.Build.0 = Release|Any CPU
		{99154700-7318-4433-A148-11539A730099}.Release|iPhone.Deploy.0 = Release|Any CPU
		{99154700-7318-4433-A148-11539A730099}.Release|iPhoneSimulator.ActiveCfg = Release|Any CPU
		{99154700-7318-4433-A148-11539A730099}.Release|iPhoneSimulator.Build.0 = Release|Any CPU
		{99154700-7318-4433-A148-11539A730099}.Release|iPhoneSimulator.Deploy.0 = Release|Any CPU
	EndGlobalSection
	GlobalSection(SolutionProperties) = preSolution
		HideSolutionNode = FALSE
	EndGlobalSection
	GlobalSection(ExtensibilityGlobals) = postSolution
		SolutionGuid = {5D749276-676F-4D0A-9C20-118032EAE91D}
	EndGlobalSection
EndGlobal
